
Microsoft Visual Studio Solution File, Format Version 12.00
# Visual Studio Version 17
VisualStudioVersion = 17.8.34322.80
MinimumVisualStudioVersion = 10.0.40219.1
Project("{FAE04EC0-301F-11D3-BF4B-00C04F79EFBC}") = "joga.dk", "joga.dk.csproj", "{BAE10B21-8BF6-4BAA-B2C9-B49F20963494}"
EndProject
Global
	GlobalSection(SolutionConfigurationPlatforms) = preSolution
		Debug|Any CPU = Debug|Any CPU
		Release|Any CPU = Release|Any CPU
	EndGlobalSection
	GlobalSection(ProjectConfigurationPlatforms) = postSolution
		{BAE10B21-8BF6-4BAA-B2C9-B49F20963494}.Debug|Any CPU.ActiveCfg = Debug|Any CPU
		{BAE10B21-8BF6-4BAA-B2C9-B49F20963494}.Debug|Any CPU.Build.0 = Debug|Any CPU
		{BAE10B21-8BF6-4BAA-B2C9-B49F20963494}.Release|Any CPU.ActiveCfg = Release|Any CPU
		{BAE10B21-8BF6-4BAA-B2C9-B49F20963494}.Release|Any CPU.Build.0 = Release|Any CPU
	EndGlobalSection
	GlobalSection(SolutionProperties) = preSolution
		HideSolutionNode = FALSE
	EndGlobalSection
	GlobalSection(ExtensibilityGlobals) = postSolution
		SolutionGuid = {BBABCABD-4C2D-4359-B63B-A6E8A88C7C14}
	EndGlobalSection
EndGlobal
